{
  "name": "vasanth-ops",
  "version": "2.1.0",
  "lockfileVersion": 2,
  "requires": true,
  "packages": {
    "": {
      "name": "vasanth-ops",
      "version": "2.1.0",
      "license": "MIT",
      "dependencies": {
        "vasanth-ops": "^1.0.0"
      }
    },
    "node_modules/vasanth-ops": {
      "version": "1.0.0",
      "resolved": "https://registry.npmjs.org/vasanth-ops/-/vasanth-ops-1.0.0.tgz",
      "integrity": "sha512-uYPETMiTg79l53jGPa0h/bg8kMUfsaH+NTjdW4kJmYN6P5BASuwEIzZQqnXj2K2geWwRNeFT3PArULnUE1z3EA=="
    }
  },
  "dependencies": {
    "vasanth-ops": {
      "version": "1.0.0",
      "resolved": "https://registry.npmjs.org/vasanth-ops/-/vasanth-ops-1.0.0.tgz",
      "integrity": "sha512-uYPETMiTg79l53jGPa0h/bg8kMUfsaH+NTjdW4kJmYN6P5BASuwEIzZQqnXj2K2geWwRNeFT3PArULnUE1z3EA=="
    }
  }
}
